
Microsoft Visual Studio Solution File, Format Version 12.00
# Visual Studio Version 17
VisualStudioVersion = 17.6.33723.286
MinimumVisualStudioVersion = 10.0.40219.1
Project("{FAE04EC0-301F-11D3-BF4B-00C04F79EFBC}") = "XRayVision", "source\XRayVision\XRayVision.csproj", "{A92DB54A-E7FE-47D1-A332-385D241FB420}"
EndProject
Project("{2150E333-8FDC-42A3-9474-1A3956D46DE8}") = "Libraries", "Libraries", "{7D17327F-D426-4504-9914-DAD19AEB2C49}"
EndProject
Project("{2150E333-8FDC-42A3-9474-1A3956D46DE8}") = "Applications", "Applications", "{48E5C21F-94FD-471C-861E-F3969D75B4FC}"
EndProject
Global
	GlobalSection(SolutionConfigurationPlatforms) = preSolution
		Debug|Any CPU = Debug|Any CPU
		Release|Any CPU = Release|Any CPU
	EndGlobalSection
	GlobalSection(ProjectConfigurationPlatforms) = postSolution
		{A92DB54A-E7FE-47D1-A332-385D241FB420}.Debug|Any CPU.ActiveCfg = Debug|Any CPU
		{A92DB54A-E7FE-47D1-A332-385D241FB420}.Debug|Any CPU.Build.0 = Debug|Any CPU
		{A92DB54A-E7FE-47D1-A332-385D241FB420}.Release|Any CPU.ActiveCfg = Release|Any CPU
		{A92DB54A-E7FE-47D1-A332-385D241FB420}.Release|Any CPU.Build.0 = Release|Any CPU
	EndGlobalSection
	GlobalSection(SolutionProperties) = preSolution
		HideSolutionNode = FALSE
	EndGlobalSection
	GlobalSection(NestedProjects) = preSolution
		{A92DB54A-E7FE-47D1-A332-385D241FB420} = {48E5C21F-94FD-471C-861E-F3969D75B4FC}
	EndGlobalSection
	GlobalSection(ExtensibilityGlobals) = postSolution
		SolutionGuid = {3CCD9E6A-8603-491D-AAC7-BF3D2A456387}
	EndGlobalSection
EndGlobal
